
Microsoft Visual Studio Solution File, Format Version 12.00
# Visual Studio Version 17
VisualStudioVersion = 17.9.34622.214
MinimumVisualStudioVersion = 10.0.40219.1
Project("{2150E333-8FDC-42A3-9474-1A3956D46DE8}") = "src", "src", "{78EFC102-9ED6-4582-8C86-B613606EC6C3}"
EndProject
Project("{9A19103F-16F7-4668-BE54-9A1E7A4F7556}") = "Runtime.Contracts", "src\Runtime.Contracts\Runtime.Contracts.csproj", "{C1B8D4CA-F5D0-44EC-9D02-E8A3A91E126D}"
EndProject
Project("{2150E333-8FDC-42A3-9474-1A3956D46DE8}") = "tests", "tests", "{F1C46494-17E7-4A51-8F48-92E61940FBCA}"
EndProject
Project("{9A19103F-16F7-4668-BE54-9A1E7A4F7556}") = "Runtime.Engine", "src\Runtime.Engine\Runtime.Engine.csproj", "{71F1DDB7-4B88-4B1E-8606-899C88C0E1F4}"
EndProject
Project("{9A19103F-16F7-4668-BE54-9A1E7A4F7556}") = "TestCkModel", "tests\TestCkModel\TestCkModel.csproj", "{FF736E90-5D29-4239-84D6-269C5E8E0955}"
	ProjectSection(ProjectDependencies) = postProject
		{DE1E3BCC-2761-4384-97CF-81A2906A4C29} = {DE1E3BCC-2761-4384-97CF-81A2906A4C29}
	EndProjectSection
EndProject
Project("{9A19103F-16F7-4668-BE54-9A1E7A4F7556}") = "SystemCkModel", "src\SystemCkModel\SystemCkModel.csproj", "{3EB26AE3-D835-4964-8D2E-33F3E2896A49}"
	ProjectSection(ProjectDependencies) = postProject
		{DE1E3BCC-2761-4384-97CF-81A2906A4C29} = {DE1E3BCC-2761-4384-97CF-81A2906A4C29}
	EndProjectSection
EndProject
Project("{9A19103F-16F7-4668-BE54-9A1E7A4F7556}") = "Runtime.Engine.SystemTests", "tests\Runtime.Engine.SystemTests\Runtime.Engine.SystemTests.csproj", "{6CD106BF-1312-467F-82C1-621CDF8DDF15}"
	ProjectSection(ProjectDependencies) = postProject
		{DE1E3BCC-2761-4384-97CF-81A2906A4C29} = {DE1E3BCC-2761-4384-97CF-81A2906A4C29}
	EndProjectSection
EndProject
Project("{9A19103F-16F7-4668-BE54-9A1E7A4F7556}") = "Runtime.Engine.Tests", "tests\Runtime.Engine.Tests\Runtime.Engine.Tests.csproj", "{2BE3B037-7612-43B5-B04E-B4AF3A7B9AD2}"
	ProjectSection(ProjectDependencies) = postProject
		{DE1E3BCC-2761-4384-97CF-81A2906A4C29} = {DE1E3BCC-2761-4384-97CF-81A2906A4C29}
	EndProjectSection
EndProject
Project("{2150E333-8FDC-42A3-9474-1A3956D46DE8}") = "samples", "samples", "{B23E5B3C-8D1F-458B-B587-6123D5144741}"
EndProject
Project("{9A19103F-16F7-4668-BE54-9A1E7A4F7556}") = "Sample.SourceGenerator", "samples\Sample.SourceGenerator\Sample.SourceGenerator.csproj", "{D5A7C215-2DA7-48F1-B38C-8BAD89F94F88}"
	ProjectSection(ProjectDependencies) = postProject
		{DE1E3BCC-2761-4384-97CF-81A2906A4C29} = {DE1E3BCC-2761-4384-97CF-81A2906A4C29}
	EndProjectSection
EndProject
Project("{9A19103F-16F7-4668-BE54-9A1E7A4F7556}") = "ConstructionKit.Contracts", "src\ConstructionKit.Contracts\ConstructionKit.Contracts.csproj", "{A98B2917-948E-4CE9-8F1C-342A1DB9BFD0}"
EndProject
Project("{9A19103F-16F7-4668-BE54-9A1E7A4F7556}") = "ConstructionKit.Engine", "src\ConstructionKit.Engine\ConstructionKit.Engine.csproj", "{2DD0835B-F503-437B-979C-20B6080F5B17}"
EndProject
Project("{9A19103F-16F7-4668-BE54-9A1E7A4F7556}") = "ConstructionKit.SourceGeneration", "src\ConstructionKit.SourceGeneration\ConstructionKit.SourceGeneration.csproj", "{1D9202E4-967D-4E59-A735-7B63A6B2F924}"
EndProject
Project("{9A19103F-16F7-4668-BE54-9A1E7A4F7556}") = "ConstructionKit.MsBuildTasks", "src\ConstructionKit.MsBuildTasks\ConstructionKit.MsBuildTasks.csproj", "{9265EA92-96A7-4A7E-87C2-12F72DBF4E20}"
EndProject
Project("{9A19103F-16F7-4668-BE54-9A1E7A4F7556}") = "ConstructionKit.Compiler.SystemTests", "tests\ConstructionKit.Compiler.SystemTests\ConstructionKit.Compiler.SystemTests.csproj", "{62DEE08A-10DC-49E8-A4BF-6481A308F7CD}"
EndProject
Project("{9A19103F-16F7-4668-BE54-9A1E7A4F7556}") = "ConstructionKit.Engine.Tests", "tests\ConstructionKit.Engine.Tests\ConstructionKit.Engine.Tests.csproj", "{85C7E016-83EE-4D57-A471-A7516707DBB7}"
EndProject
Project("{9A19103F-16F7-4668-BE54-9A1E7A4F7556}") = "ConstructionKit.Templates", "src\ConstructionKit.Templates\ConstructionKit.Templates.csproj", "{36C36BDE-4EC5-4835-9C18-62DE52166ACB}"
EndProject
Project("{9A19103F-16F7-4668-BE54-9A1E7A4F7556}") = "ConstructionKit.Compiler", "src\ConstructionKit.Compiler\ConstructionKit.Compiler.csproj", "{DE1E3BCC-2761-4384-97CF-81A2906A4C29}"
EndProject
Project("{FAE04EC0-301F-11D3-BF4B-00C04F79EFBC}") = "ConstructionKit.Engine.SystemTests", "tests\ConstructionKit.Engine.SystemTests\ConstructionKit.Engine.SystemTests.csproj", "{CA10077F-46F5-4640-88A8-5AD02DA895A0}"
EndProject
Global
	GlobalSection(SolutionConfigurationPlatforms) = preSolution
		Debug|Any CPU = Debug|Any CPU
		DebugL|Any CPU = DebugL|Any CPU
		Release|Any CPU = Release|Any CPU
	EndGlobalSection
	GlobalSection(ProjectConfigurationPlatforms) = postSolution
		{C1B8D4CA-F5D0-44EC-9D02-E8A3A91E126D}.Debug|Any CPU.ActiveCfg = Debug|Any CPU
		{C1B8D4CA-F5D0-44EC-9D02-E8A3A91E126D}.Debug|Any CPU.Build.0 = Debug|Any CPU
		{C1B8D4CA-F5D0-44EC-9D02-E8A3A91E126D}.DebugL|Any CPU.ActiveCfg = DebugL|Any CPU
		{C1B8D4CA-F5D0-44EC-9D02-E8A3A91E126D}.DebugL|Any CPU.Build.0 = DebugL|Any CPU
		{C1B8D4CA-F5D0-44EC-9D02-E8A3A91E126D}.Release|Any CPU.ActiveCfg = Release|Any CPU
		{C1B8D4CA-F5D0-44EC-9D02-E8A3A91E126D}.Release|Any CPU.Build.0 = Release|Any CPU
		{71F1DDB7-4B88-4B1E-8606-899C88C0E1F4}.Debug|Any CPU.ActiveCfg = Debug|Any CPU
		{71F1DDB7-4B88-4B1E-8606-899C88C0E1F4}.Debug|Any CPU.Build.0 = Debug|Any CPU
		{71F1DDB7-4B88-4B1E-8606-899C88C0E1F4}.DebugL|Any CPU.ActiveCfg = DebugL|Any CPU
		{71F1DDB7-4B88-4B1E-8606-899C88C0E1F4}.DebugL|Any CPU.Build.0 = DebugL|Any CPU
		{71F1DDB7-4B88-4B1E-8606-899C88C0E1F4}.Release|Any CPU.ActiveCfg = Release|Any CPU
		{71F1DDB7-4B88-4B1E-8606-899C88C0E1F4}.Release|Any CPU.Build.0 = Release|Any CPU
		{FF736E90-5D29-4239-84D6-269C5E8E0955}.Debug|Any CPU.ActiveCfg = Debug|Any CPU
		{FF736E90-5D29-4239-84D6-269C5E8E0955}.Debug|Any CPU.Build.0 = Debug|Any CPU
		{FF736E90-5D29-4239-84D6-269C5E8E0955}.DebugL|Any CPU.ActiveCfg = DebugL|Any CPU
		{FF736E90-5D29-4239-84D6-269C5E8E0955}.DebugL|Any CPU.Build.0 = DebugL|Any CPU
		{FF736E90-5D29-4239-84D6-269C5E8E0955}.Release|Any CPU.ActiveCfg = Release|Any CPU
		{FF736E90-5D29-4239-84D6-269C5E8E0955}.Release|Any CPU.Build.0 = Release|Any CPU
		{3EB26AE3-D835-4964-8D2E-33F3E2896A49}.Debug|Any CPU.ActiveCfg = Debug|Any CPU
		{3EB26AE3-D835-4964-8D2E-33F3E2896A49}.Debug|Any CPU.Build.0 = Debug|Any CPU
		{3EB26AE3-D835-4964-8D2E-33F3E2896A49}.DebugL|Any CPU.ActiveCfg = DebugL|Any CPU
		{3EB26AE3-D835-4964-8D2E-33F3E2896A49}.DebugL|Any CPU.Build.0 = DebugL|Any CPU
		{3EB26AE3-D835-4964-8D2E-33F3E2896A49}.Release|Any CPU.ActiveCfg = Release|Any CPU
		{3EB26AE3-D835-4964-8D2E-33F3E2896A49}.Release|Any CPU.Build.0 = Release|Any CPU
		{6CD106BF-1312-467F-82C1-621CDF8DDF15}.Debug|Any CPU.ActiveCfg = Debug|Any CPU
		{6CD106BF-1312-467F-82C1-621CDF8DDF15}.Debug|Any CPU.Build.0 = Debug|Any CPU
		{6CD106BF-1312-467F-82C1-621CDF8DDF15}.DebugL|Any CPU.ActiveCfg = DebugL|Any CPU
		{6CD106BF-1312-467F-82C1-621CDF8DDF15}.DebugL|Any CPU.Build.0 = DebugL|Any CPU
		{6CD106BF-1312-467F-82C1-621CDF8DDF15}.Release|Any CPU.ActiveCfg = Release|Any CPU
		{6CD106BF-1312-467F-82C1-621CDF8DDF15}.Release|Any CPU.Build.0 = Release|Any CPU
		{2BE3B037-7612-43B5-B04E-B4AF3A7B9AD2}.Debug|Any CPU.ActiveCfg = Debug|Any CPU
		{2BE3B037-7612-43B5-B04E-B4AF3A7B9AD2}.Debug|Any CPU.Build.0 = Debug|Any CPU
		{2BE3B037-7612-43B5-B04E-B4AF3A7B9AD2}.DebugL|Any CPU.ActiveCfg = DebugL|Any CPU
		{2BE3B037-7612-43B5-B04E-B4AF3A7B9AD2}.DebugL|Any CPU.Build.0 = DebugL|Any CPU
		{2BE3B037-7612-43B5-B04E-B4AF3A7B9AD2}.Release|Any CPU.ActiveCfg = Release|Any CPU
		{2BE3B037-7612-43B5-B04E-B4AF3A7B9AD2}.Release|Any CPU.Build.0 = Release|Any CPU
		{D5A7C215-2DA7-48F1-B38C-8BAD89F94F88}.Debug|Any CPU.ActiveCfg = Debug|Any CPU
		{D5A7C215-2DA7-48F1-B38C-8BAD89F94F88}.Debug|Any CPU.Build.0 = Debug|Any CPU
		{D5A7C215-2DA7-48F1-B38C-8BAD89F94F88}.DebugL|Any CPU.ActiveCfg = DebugL|Any CPU
		{D5A7C215-2DA7-48F1-B38C-8BAD89F94F88}.DebugL|Any CPU.Build.0 = DebugL|Any CPU
		{D5A7C215-2DA7-48F1-B38C-8BAD89F94F88}.Release|Any CPU.ActiveCfg = Release|Any CPU
		{D5A7C215-2DA7-48F1-B38C-8BAD89F94F88}.Release|Any CPU.Build.0 = Release|Any CPU
		{A98B2917-948E-4CE9-8F1C-342A1DB9BFD0}.Debug|Any CPU.ActiveCfg = Debug|Any CPU
		{A98B2917-948E-4CE9-8F1C-342A1DB9BFD0}.Debug|Any CPU.Build.0 = Debug|Any CPU
		{A98B2917-948E-4CE9-8F1C-342A1DB9BFD0}.DebugL|Any CPU.ActiveCfg = DebugL|Any CPU
		{A98B2917-948E-4CE9-8F1C-342A1DB9BFD0}.DebugL|Any CPU.Build.0 = DebugL|Any CPU
		{A98B2917-948E-4CE9-8F1C-342A1DB9BFD0}.Release|Any CPU.ActiveCfg = Release|Any CPU
		{A98B2917-948E-4CE9-8F1C-342A1DB9BFD0}.Release|Any CPU.Build.0 = Release|Any CPU
		{2DD0835B-F503-437B-979C-20B6080F5B17}.Debug|Any CPU.ActiveCfg = Debug|Any CPU
		{2DD0835B-F503-437B-979C-20B6080F5B17}.Debug|Any CPU.Build.0 = Debug|Any CPU
		{2DD0835B-F503-437B-979C-20B6080F5B17}.DebugL|Any CPU.ActiveCfg = DebugL|Any CPU
		{2DD0835B-F503-437B-979C-20B6080F5B17}.DebugL|Any CPU.Build.0 = DebugL|Any CPU
		{2DD0835B-F503-437B-979C-20B6080F5B17}.Release|Any CPU.ActiveCfg = Release|Any CPU
		{2DD0835B-F503-437B-979C-20B6080F5B17}.Release|Any CPU.Build.0 = Release|Any CPU
		{1D9202E4-967D-4E59-A735-7B63A6B2F924}.Debug|Any CPU.ActiveCfg = Debug|Any CPU
		{1D9202E4-967D-4E59-A735-7B63A6B2F924}.Debug|Any CPU.Build.0 = Debug|Any CPU
		{1D9202E4-967D-4E59-A735-7B63A6B2F924}.DebugL|Any CPU.ActiveCfg = DebugL|Any CPU
		{1D9202E4-967D-4E59-A735-7B63A6B2F924}.DebugL|Any CPU.Build.0 = DebugL|Any CPU
		{1D9202E4-967D-4E59-A735-7B63A6B2F924}.Release|Any CPU.ActiveCfg = Release|Any CPU
		{1D9202E4-967D-4E59-A735-7B63A6B2F924}.Release|Any CPU.Build.0 = Release|Any CPU
		{9265EA92-96A7-4A7E-87C2-12F72DBF4E20}.Debug|Any CPU.ActiveCfg = Debug|Any CPU
		{9265EA92-96A7-4A7E-87C2-12F72DBF4E20}.Debug|Any CPU.Build.0 = Debug|Any CPU
		{9265EA92-96A7-4A7E-87C2-12F72DBF4E20}.DebugL|Any CPU.ActiveCfg = DebugL|Any CPU
		{9265EA92-96A7-4A7E-87C2-12F72DBF4E20}.DebugL|Any CPU.Build.0 = DebugL|Any CPU
		{9265EA92-96A7-4A7E-87C2-12F72DBF4E20}.Release|Any CPU.ActiveCfg = Release|Any CPU
		{9265EA92-96A7-4A7E-87C2-12F72DBF4E20}.Release|Any CPU.Build.0 = Release|Any CPU
		{62DEE08A-10DC-49E8-A4BF-6481A308F7CD}.Debug|Any CPU.ActiveCfg = Debug|Any CPU
		{62DEE08A-10DC-49E8-A4BF-6481A308F7CD}.Debug|Any CPU.Build.0 = Debug|Any CPU
		{62DEE08A-10DC-49E8-A4BF-6481A308F7CD}.DebugL|Any CPU.ActiveCfg = DebugL|Any CPU
		{62DEE08A-10DC-49E8-A4BF-6481A308F7CD}.DebugL|Any CPU.Build.0 = DebugL|Any CPU
		{62DEE08A-10DC-49E8-A4BF-6481A308F7CD}.Release|Any CPU.ActiveCfg = Release|Any CPU
		{62DEE08A-10DC-49E8-A4BF-6481A308F7CD}.Release|Any CPU.Build.0 = Release|Any CPU
		{85C7E016-83EE-4D57-A471-A7516707DBB7}.Debug|Any CPU.ActiveCfg = Debug|Any CPU
		{85C7E016-83EE-4D57-A471-A7516707DBB7}.Debug|Any CPU.Build.0 = Debug|Any CPU
		{85C7E016-83EE-4D57-A471-A7516707DBB7}.DebugL|Any CPU.ActiveCfg = DebugL|Any CPU
		{85C7E016-83EE-4D57-A471-A7516707DBB7}.DebugL|Any CPU.Build.0 = DebugL|Any CPU
		{85C7E016-83EE-4D57-A471-A7516707DBB7}.Release|Any CPU.ActiveCfg = Release|Any CPU
		{85C7E016-83EE-4D57-A471-A7516707DBB7}.Release|Any CPU.Build.0 = Release|Any CPU
		{36C36BDE-4EC5-4835-9C18-62DE52166ACB}.Debug|Any CPU.ActiveCfg = Debug|Any CPU
		{36C36BDE-4EC5-4835-9C18-62DE52166ACB}.Debug|Any CPU.Build.0 = Debug|Any CPU
		{36C36BDE-4EC5-4835-9C18-62DE52166ACB}.DebugL|Any CPU.ActiveCfg = DebugL|Any CPU
		{36C36BDE-4EC5-4835-9C18-62DE52166ACB}.DebugL|Any CPU.Build.0 = DebugL|Any CPU
		{36C36BDE-4EC5-4835-9C18-62DE52166ACB}.Release|Any CPU.ActiveCfg = Release|Any CPU
		{36C36BDE-4EC5-4835-9C18-62DE52166ACB}.Release|Any CPU.Build.0 = Release|Any CPU
		{DE1E3BCC-2761-4384-97CF-81A2906A4C29}.Debug|Any CPU.ActiveCfg = Debug|Any CPU
		{DE1E3BCC-2761-4384-97CF-81A2906A4C29}.Debug|Any CPU.Build.0 = Debug|Any CPU
		{DE1E3BCC-2761-4384-97CF-81A2906A4C29}.DebugL|Any CPU.ActiveCfg = DebugL|Any CPU
		{DE1E3BCC-2761-4384-97CF-81A2906A4C29}.DebugL|Any CPU.Build.0 = DebugL|Any CPU
		{DE1E3BCC-2761-4384-97CF-81A2906A4C29}.Release|Any CPU.ActiveCfg = Release|Any CPU
		{DE1E3BCC-2761-4384-97CF-81A2906A4C29}.Release|Any CPU.Build.0 = Release|Any CPU
		{CA10077F-46F5-4640-88A8-5AD02DA895A0}.Debug|Any CPU.ActiveCfg = Debug|Any CPU
		{CA10077F-46F5-4640-88A8-5AD02DA895A0}.Debug|Any CPU.Build.0 = Debug|Any CPU
		{CA10077F-46F5-4640-88A8-5AD02DA895A0}.DebugL|Any CPU.ActiveCfg = Debug|Any CPU
		{CA10077F-46F5-4640-88A8-5AD02DA895A0}.DebugL|Any CPU.Build.0 = Debug|Any CPU
		{CA10077F-46F5-4640-88A8-5AD02DA895A0}.Release|Any CPU.ActiveCfg = Release|Any CPU
		{CA10077F-46F5-4640-88A8-5AD02DA895A0}.Release|Any CPU.Build.0 = Release|Any CPU
	EndGlobalSection
	GlobalSection(SolutionProperties) = preSolution
		HideSolutionNode = FALSE
	EndGlobalSection
	GlobalSection(NestedProjects) = preSolution
		{C1B8D4CA-F5D0-44EC-9D02-E8A3A91E126D} = {78EFC102-9ED6-4582-8C86-B613606EC6C3}
		{71F1DDB7-4B88-4B1E-8606-899C88C0E1F4} = {78EFC102-9ED6-4582-8C86-B613606EC6C3}
		{FF736E90-5D29-4239-84D6-269C5E8E0955} = {F1C46494-17E7-4A51-8F48-92E61940FBCA}
		{3EB26AE3-D835-4964-8D2E-33F3E2896A49} = {78EFC102-9ED6-4582-8C86-B613606EC6C3}
		{6CD106BF-1312-467F-82C1-621CDF8DDF15} = {F1C46494-17E7-4A51-8F48-92E61940FBCA}
		{2BE3B037-7612-43B5-B04E-B4AF3A7B9AD2} = {F1C46494-17E7-4A51-8F48-92E61940FBCA}
		{D5A7C215-2DA7-48F1-B38C-8BAD89F94F88} = {B23E5B3C-8D1F-458B-B587-6123D5144741}
		{A98B2917-948E-4CE9-8F1C-342A1DB9BFD0} = {78EFC102-9ED6-4582-8C86-B613606EC6C3}
		{2DD0835B-F503-437B-979C-20B6080F5B17} = {78EFC102-9ED6-4582-8C86-B613606EC6C3}
		{1D9202E4-967D-4E59-A735-7B63A6B2F924} = {78EFC102-9ED6-4582-8C86-B613606EC6C3}
		{9265EA92-96A7-4A7E-87C2-12F72DBF4E20} = {78EFC102-9ED6-4582-8C86-B613606EC6C3}
		{62DEE08A-10DC-49E8-A4BF-6481A308F7CD} = {F1C46494-17E7-4A51-8F48-92E61940FBCA}
		{85C7E016-83EE-4D57-A471-A7516707DBB7} = {F1C46494-17E7-4A51-8F48-92E61940FBCA}
		{36C36BDE-4EC5-4835-9C18-62DE52166ACB} = {78EFC102-9ED6-4582-8C86-B613606EC6C3}
		{DE1E3BCC-2761-4384-97CF-81A2906A4C29} = {78EFC102-9ED6-4582-8C86-B613606EC6C3}
		{CA10077F-46F5-4640-88A8-5AD02DA895A0} = {F1C46494-17E7-4A51-8F48-92E61940FBCA}
	EndGlobalSection
	GlobalSection(ExtensibilityGlobals) = postSolution
		SolutionGuid = {FD6FC20C-884E-4863-A559-31860380F098}
	EndGlobalSection
EndGlobal
