
Microsoft Visual Studio Solution File, Format Version 12.00
Project("{2150E333-8FDC-42A3-9474-1A3956D46DE8}") = "src", "src", "{78EFC102-9ED6-4582-8C86-B613606EC6C3}"
EndProject
Project("{FAE04EC0-301F-11D3-BF4B-00C04F79EFBC}") = "Runtime.Contracts", "src\Runtime.Contracts\Runtime.Contracts.csproj", "{C1B8D4CA-F5D0-44EC-9D02-E8A3A91E126D}"
EndProject
Project("{2150E333-8FDC-42A3-9474-1A3956D46DE8}") = "tests", "tests", "{F1C46494-17E7-4A51-8F48-92E61940FBCA}"
EndProject
Project("{FAE04EC0-301F-11D3-BF4B-00C04F79EFBC}") = "Runtime.Engine", "src\Runtime.Engine\Runtime.Engine.csproj", "{71F1DDB7-4B88-4B1E-8606-899C88C0E1F4}"
EndProject
Project("{FAE04EC0-301F-11D3-BF4B-00C04F79EFBC}") = "TestCkModel", "tests\TestCkModel\TestCkModel.csproj", "{FF736E90-5D29-4239-84D6-269C5E8E0955}"
EndProject
Project("{FAE04EC0-301F-11D3-BF4B-00C04F79EFBC}") = "SystemCkModel", "src\SystemCkModel\SystemCkModel.csproj", "{3EB26AE3-D835-4964-8D2E-33F3E2896A49}"
EndProject
Project("{FAE04EC0-301F-11D3-BF4B-00C04F79EFBC}") = "Runtime.Engine.SystemTests", "tests\Runtime.Engine.SystemTests\Runtime.Engine.SystemTests.csproj", "{6CD106BF-1312-467F-82C1-621CDF8DDF15}"
EndProject
Project("{FAE04EC0-301F-11D3-BF4B-00C04F79EFBC}") = "Runtime.Engine.Tests", "tests\Runtime.Engine.Tests\Runtime.Engine.Tests.csproj", "{2BE3B037-7612-43B5-B04E-B4AF3A7B9AD2}"
EndProject
Project("{2150E333-8FDC-42A3-9474-1A3956D46DE8}") = "samples", "samples", "{B23E5B3C-8D1F-458B-B587-6123D5144741}"
EndProject
Project("{FAE04EC0-301F-11D3-BF4B-00C04F79EFBC}") = "Sample.SourceGenerator", "samples\Sample.SourceGenerator\Sample.SourceGenerator.csproj", "{D5A7C215-2DA7-48F1-B38C-8BAD89F94F88}"
EndProject
Project("{FAE04EC0-301F-11D3-BF4B-00C04F79EFBC}") = "ConstructionKit.Contracts", "src\ConstructionKit.Contracts\ConstructionKit.Contracts.csproj", "{3DB31571-1BFC-437A-AA0C-E8EF862982C9}"
EndProject
Project("{FAE04EC0-301F-11D3-BF4B-00C04F79EFBC}") = "ConstructionKit.Engine", "src\ConstructionKit.Engine\ConstructionKit.Engine.csproj", "{B2AE9A7A-A0B5-4454-8BE8-8D8661A89F81}"
EndProject
Global
	GlobalSection(SolutionConfigurationPlatforms) = preSolution
		Debug|Any CPU = Debug|Any CPU
		Release|Any CPU = Release|Any CPU
		DebugL|Any CPU = DebugL|Any CPU
	EndGlobalSection
	GlobalSection(NestedProjects) = preSolution
		{C1B8D4CA-F5D0-44EC-9D02-E8A3A91E126D} = {78EFC102-9ED6-4582-8C86-B613606EC6C3}
		{71F1DDB7-4B88-4B1E-8606-899C88C0E1F4} = {78EFC102-9ED6-4582-8C86-B613606EC6C3}
		{FF736E90-5D29-4239-84D6-269C5E8E0955} = {F1C46494-17E7-4A51-8F48-92E61940FBCA}
		{3EB26AE3-D835-4964-8D2E-33F3E2896A49} = {78EFC102-9ED6-4582-8C86-B613606EC6C3}
		{6CD106BF-1312-467F-82C1-621CDF8DDF15} = {F1C46494-17E7-4A51-8F48-92E61940FBCA}
		{2BE3B037-7612-43B5-B04E-B4AF3A7B9AD2} = {F1C46494-17E7-4A51-8F48-92E61940FBCA}
		{D5A7C215-2DA7-48F1-B38C-8BAD89F94F88} = {B23E5B3C-8D1F-458B-B587-6123D5144741}
		{3DB31571-1BFC-437A-AA0C-E8EF862982C9} = {78EFC102-9ED6-4582-8C86-B613606EC6C3}
		{B2AE9A7A-A0B5-4454-8BE8-8D8661A89F81} = {78EFC102-9ED6-4582-8C86-B613606EC6C3}
	EndGlobalSection
	GlobalSection(ProjectConfigurationPlatforms) = postSolution
		{C1B8D4CA-F5D0-44EC-9D02-E8A3A91E126D}.Debug|Any CPU.ActiveCfg = Debug|Any CPU
		{C1B8D4CA-F5D0-44EC-9D02-E8A3A91E126D}.Debug|Any CPU.Build.0 = Debug|Any CPU
		{C1B8D4CA-F5D0-44EC-9D02-E8A3A91E126D}.Release|Any CPU.ActiveCfg = Release|Any CPU
		{C1B8D4CA-F5D0-44EC-9D02-E8A3A91E126D}.Release|Any CPU.Build.0 = Release|Any CPU
		{C1B8D4CA-F5D0-44EC-9D02-E8A3A91E126D}.DebugL|Any CPU.ActiveCfg = DebugL|Any CPU
		{C1B8D4CA-F5D0-44EC-9D02-E8A3A91E126D}.DebugL|Any CPU.Build.0 = DebugL|Any CPU
		{71F1DDB7-4B88-4B1E-8606-899C88C0E1F4}.Debug|Any CPU.ActiveCfg = Debug|Any CPU
		{71F1DDB7-4B88-4B1E-8606-899C88C0E1F4}.Debug|Any CPU.Build.0 = Debug|Any CPU
		{71F1DDB7-4B88-4B1E-8606-899C88C0E1F4}.Release|Any CPU.ActiveCfg = Release|Any CPU
		{71F1DDB7-4B88-4B1E-8606-899C88C0E1F4}.Release|Any CPU.Build.0 = Release|Any CPU
		{71F1DDB7-4B88-4B1E-8606-899C88C0E1F4}.DebugL|Any CPU.ActiveCfg = DebugL|Any CPU
		{71F1DDB7-4B88-4B1E-8606-899C88C0E1F4}.DebugL|Any CPU.Build.0 = DebugL|Any CPU
		{FF736E90-5D29-4239-84D6-269C5E8E0955}.Debug|Any CPU.ActiveCfg = Debug|Any CPU
		{FF736E90-5D29-4239-84D6-269C5E8E0955}.Debug|Any CPU.Build.0 = Debug|Any CPU
		{FF736E90-5D29-4239-84D6-269C5E8E0955}.Release|Any CPU.ActiveCfg = Release|Any CPU
		{FF736E90-5D29-4239-84D6-269C5E8E0955}.Release|Any CPU.Build.0 = Release|Any CPU
		{FF736E90-5D29-4239-84D6-269C5E8E0955}.DebugL|Any CPU.ActiveCfg = DebugL|Any CPU
		{FF736E90-5D29-4239-84D6-269C5E8E0955}.DebugL|Any CPU.Build.0 = DebugL|Any CPU
		{3EB26AE3-D835-4964-8D2E-33F3E2896A49}.Debug|Any CPU.ActiveCfg = Debug|Any CPU
		{3EB26AE3-D835-4964-8D2E-33F3E2896A49}.Debug|Any CPU.Build.0 = Debug|Any CPU
		{3EB26AE3-D835-4964-8D2E-33F3E2896A49}.Release|Any CPU.ActiveCfg = Release|Any CPU
		{3EB26AE3-D835-4964-8D2E-33F3E2896A49}.Release|Any CPU.Build.0 = Release|Any CPU
		{3EB26AE3-D835-4964-8D2E-33F3E2896A49}.DebugL|Any CPU.ActiveCfg = DebugL|Any CPU
		{3EB26AE3-D835-4964-8D2E-33F3E2896A49}.DebugL|Any CPU.Build.0 = DebugL|Any CPU
		{6CD106BF-1312-467F-82C1-621CDF8DDF15}.Debug|Any CPU.ActiveCfg = Debug|Any CPU
		{6CD106BF-1312-467F-82C1-621CDF8DDF15}.Debug|Any CPU.Build.0 = Debug|Any CPU
		{6CD106BF-1312-467F-82C1-621CDF8DDF15}.Release|Any CPU.ActiveCfg = Release|Any CPU
		{6CD106BF-1312-467F-82C1-621CDF8DDF15}.Release|Any CPU.Build.0 = Release|Any CPU
		{6CD106BF-1312-467F-82C1-621CDF8DDF15}.DebugL|Any CPU.ActiveCfg = DebugL|Any CPU
		{6CD106BF-1312-467F-82C1-621CDF8DDF15}.DebugL|Any CPU.Build.0 = DebugL|Any CPU
		{2BE3B037-7612-43B5-B04E-B4AF3A7B9AD2}.Debug|Any CPU.ActiveCfg = Debug|Any CPU
		{2BE3B037-7612-43B5-B04E-B4AF3A7B9AD2}.Debug|Any CPU.Build.0 = Debug|Any CPU
		{2BE3B037-7612-43B5-B04E-B4AF3A7B9AD2}.Release|Any CPU.ActiveCfg = Release|Any CPU
		{2BE3B037-7612-43B5-B04E-B4AF3A7B9AD2}.Release|Any CPU.Build.0 = Release|Any CPU
		{2BE3B037-7612-43B5-B04E-B4AF3A7B9AD2}.DebugL|Any CPU.ActiveCfg = DebugL|Any CPU
		{2BE3B037-7612-43B5-B04E-B4AF3A7B9AD2}.DebugL|Any CPU.Build.0 = DebugL|Any CPU
		{D5A7C215-2DA7-48F1-B38C-8BAD89F94F88}.Debug|Any CPU.ActiveCfg = Debug|Any CPU
		{D5A7C215-2DA7-48F1-B38C-8BAD89F94F88}.Debug|Any CPU.Build.0 = Debug|Any CPU
		{D5A7C215-2DA7-48F1-B38C-8BAD89F94F88}.Release|Any CPU.ActiveCfg = Release|Any CPU
		{D5A7C215-2DA7-48F1-B38C-8BAD89F94F88}.Release|Any CPU.Build.0 = Release|Any CPU
		{D5A7C215-2DA7-48F1-B38C-8BAD89F94F88}.DebugL|Any CPU.ActiveCfg = DebugL|Any CPU
		{D5A7C215-2DA7-48F1-B38C-8BAD89F94F88}.DebugL|Any CPU.Build.0 = DebugL|Any CPU
		{3DB31571-1BFC-437A-AA0C-E8EF862982C9}.Debug|Any CPU.ActiveCfg = Debug|Any CPU
		{3DB31571-1BFC-437A-AA0C-E8EF862982C9}.Debug|Any CPU.Build.0 = Debug|Any CPU
		{3DB31571-1BFC-437A-AA0C-E8EF862982C9}.Release|Any CPU.ActiveCfg = Release|Any CPU
		{3DB31571-1BFC-437A-AA0C-E8EF862982C9}.Release|Any CPU.Build.0 = Release|Any CPU
		{3DB31571-1BFC-437A-AA0C-E8EF862982C9}.DebugL|Any CPU.ActiveCfg = DebugL|Any CPU
		{3DB31571-1BFC-437A-AA0C-E8EF862982C9}.DebugL|Any CPU.Build.0 = DebugL|Any CPU
		{B2AE9A7A-A0B5-4454-8BE8-8D8661A89F81}.Debug|Any CPU.ActiveCfg = Debug|Any CPU
		{B2AE9A7A-A0B5-4454-8BE8-8D8661A89F81}.Debug|Any CPU.Build.0 = Debug|Any CPU
		{B2AE9A7A-A0B5-4454-8BE8-8D8661A89F81}.Release|Any CPU.ActiveCfg = Release|Any CPU
		{B2AE9A7A-A0B5-4454-8BE8-8D8661A89F81}.Release|Any CPU.Build.0 = Release|Any CPU
		{B2AE9A7A-A0B5-4454-8BE8-8D8661A89F81}.DebugL|Any CPU.ActiveCfg = DebugL|Any CPU
		{B2AE9A7A-A0B5-4454-8BE8-8D8661A89F81}.DebugL|Any CPU.Build.0 = DebugL|Any CPU
	EndGlobalSection
EndGlobal
