
Microsoft Visual Studio Solution File, Format Version 12.00
Project("{FAE04EC0-301F-11D3-BF4B-00C04F79EFBC}") = "ConstructionKit.Contracts", "src\ConstructionKit.Contracts\ConstructionKit.Contracts.csproj", "{E4B6B8A8-01FD-43AB-8127-93D4EF599746}"
EndProject
Project("{2150E333-8FDC-42A3-9474-1A3956D46DE8}") = "src", "src", "{EDFCC05C-B86D-435F-9593-21846D5530D0}"
EndProject
Project("{2150E333-8FDC-42A3-9474-1A3956D46DE8}") = "tests", "tests", "{8BC26415-C7AE-4140-AB3A-3B4AB3EE60E3}"
	ProjectSection(SolutionItems) = preProject
		tests\Runtime.Engine.Tests\Runtime.Engine.Tests.csproj = tests\Runtime.Engine.Tests\Runtime.Engine.Tests.csproj
		tests\Runtime.Engine.SystemTests\Runtime.Engine.SystemTests.csproj = tests\Runtime.Engine.SystemTests\Runtime.Engine.SystemTests.csproj
	EndProjectSection
EndProject
Project("{FAE04EC0-301F-11D3-BF4B-00C04F79EFBC}") = "ConstructionKit.Engine", "src\ConstructionKit.Engine\ConstructionKit.Engine.csproj", "{33867532-FEE1-4C19-9E2B-3929B9C78624}"
EndProject
Project("{FAE04EC0-301F-11D3-BF4B-00C04F79EFBC}") = "ConstructionKit.Engine.Tests", "tests\ConstructionKit.Engine.Tests\ConstructionKit.Engine.Tests.csproj", "{73D23A89-9B73-4C67-8F8B-94C2A6492F28}"
EndProject
Project("{FAE04EC0-301F-11D3-BF4B-00C04F79EFBC}") = "ConstructionKit.Compiler.SystemTests", "tests\ConstructionKit.Compiler.SystemTests\ConstructionKit.Compiler.SystemTests.csproj", "{AB14C51D-89F1-4DB3-BF6D-338602F93232}"
EndProject
Project("{FAE04EC0-301F-11D3-BF4B-00C04F79EFBC}") = "ConstructionKit.Templates", "src\ConstructionKit.Templates\ConstructionKit.Templates.csproj", "{86FA5B39-DFA2-4C87-A1C4-B815730D9F28}"
EndProject
Project("{FAE04EC0-301F-11D3-BF4B-00C04F79EFBC}") = "ConstructionKit.Compiler", "src\ConstructionKit.Compiler\ConstructionKit.Compiler.csproj", "{36ABE0A9-6063-4FEC-A815-29763BC98003}"
EndProject
Project("{FAE04EC0-301F-11D3-BF4B-00C04F79EFBC}") = "ConstructionKit.SourceGeneration", "src\ConstructionKit.SourceGeneration\ConstructionKit.SourceGeneration.csproj", "{37B0E927-6F8B-4856-825F-504556D6C32C}"
EndProject
Project("{2150E333-8FDC-42A3-9474-1A3956D46DE8}") = "samples", "samples", "{2C93FF66-BA58-4045-9021-01D93D163984}"
EndProject
Project("{FAE04EC0-301F-11D3-BF4B-00C04F79EFBC}") = "Sample.SourceGenerator", "samples\Sample.SourceGenerator\Sample.SourceGenerator.csproj", "{2AFA3396-5780-4D28-9410-90A33BF34B6F}"
	ProjectSection(ProjectDependencies) = postProject
		{36ABE0A9-6063-4FEC-A815-29763BC98003} = {36ABE0A9-6063-4FEC-A815-29763BC98003}
		{33867532-FEE1-4C19-9E2B-3929B9C78624} = {33867532-FEE1-4C19-9E2B-3929B9C78624}
	EndProjectSection
EndProject
Project("{FAE04EC0-301F-11D3-BF4B-00C04F79EFBC}") = "Runtime.Engine", "src\Runtime.Engine\Runtime.Engine.csproj", "{4E8C4C30-8159-4E0C-A7F9-C98DCCACDDEC}"
EndProject
Project("{FAE04EC0-301F-11D3-BF4B-00C04F79EFBC}") = "Runtime.Contracts", "src\Runtime.Contracts\Runtime.Contracts.csproj", "{298319E5-521D-4513-8E12-EC2F0D476C81}"
EndProject
Global
	GlobalSection(SolutionConfigurationPlatforms) = preSolution
		Debug|Any CPU = Debug|Any CPU
		Release|Any CPU = Release|Any CPU
	EndGlobalSection
	GlobalSection(ProjectConfigurationPlatforms) = postSolution
		{E4B6B8A8-01FD-43AB-8127-93D4EF599746}.Debug|Any CPU.ActiveCfg = Debug|Any CPU
		{E4B6B8A8-01FD-43AB-8127-93D4EF599746}.Debug|Any CPU.Build.0 = Debug|Any CPU
		{E4B6B8A8-01FD-43AB-8127-93D4EF599746}.Release|Any CPU.ActiveCfg = Release|Any CPU
		{E4B6B8A8-01FD-43AB-8127-93D4EF599746}.Release|Any CPU.Build.0 = Release|Any CPU
		{33867532-FEE1-4C19-9E2B-3929B9C78624}.Debug|Any CPU.ActiveCfg = Debug|Any CPU
		{33867532-FEE1-4C19-9E2B-3929B9C78624}.Debug|Any CPU.Build.0 = Debug|Any CPU
		{33867532-FEE1-4C19-9E2B-3929B9C78624}.Release|Any CPU.ActiveCfg = Release|Any CPU
		{33867532-FEE1-4C19-9E2B-3929B9C78624}.Release|Any CPU.Build.0 = Release|Any CPU
		{73D23A89-9B73-4C67-8F8B-94C2A6492F28}.Debug|Any CPU.ActiveCfg = Debug|Any CPU
		{73D23A89-9B73-4C67-8F8B-94C2A6492F28}.Debug|Any CPU.Build.0 = Debug|Any CPU
		{73D23A89-9B73-4C67-8F8B-94C2A6492F28}.Release|Any CPU.ActiveCfg = Release|Any CPU
		{73D23A89-9B73-4C67-8F8B-94C2A6492F28}.Release|Any CPU.Build.0 = Release|Any CPU
		{AB14C51D-89F1-4DB3-BF6D-338602F93232}.Debug|Any CPU.ActiveCfg = Debug|Any CPU
		{AB14C51D-89F1-4DB3-BF6D-338602F93232}.Debug|Any CPU.Build.0 = Debug|Any CPU
		{AB14C51D-89F1-4DB3-BF6D-338602F93232}.Release|Any CPU.ActiveCfg = Release|Any CPU
		{AB14C51D-89F1-4DB3-BF6D-338602F93232}.Release|Any CPU.Build.0 = Release|Any CPU
		{86FA5B39-DFA2-4C87-A1C4-B815730D9F28}.Debug|Any CPU.ActiveCfg = Debug|Any CPU
		{86FA5B39-DFA2-4C87-A1C4-B815730D9F28}.Debug|Any CPU.Build.0 = Debug|Any CPU
		{86FA5B39-DFA2-4C87-A1C4-B815730D9F28}.Release|Any CPU.ActiveCfg = Release|Any CPU
		{86FA5B39-DFA2-4C87-A1C4-B815730D9F28}.Release|Any CPU.Build.0 = Release|Any CPU
		{36ABE0A9-6063-4FEC-A815-29763BC98003}.Debug|Any CPU.ActiveCfg = Debug|Any CPU
		{36ABE0A9-6063-4FEC-A815-29763BC98003}.Debug|Any CPU.Build.0 = Debug|Any CPU
		{36ABE0A9-6063-4FEC-A815-29763BC98003}.Release|Any CPU.ActiveCfg = Release|Any CPU
		{36ABE0A9-6063-4FEC-A815-29763BC98003}.Release|Any CPU.Build.0 = Release|Any CPU
		{37B0E927-6F8B-4856-825F-504556D6C32C}.Debug|Any CPU.ActiveCfg = Debug|Any CPU
		{37B0E927-6F8B-4856-825F-504556D6C32C}.Debug|Any CPU.Build.0 = Debug|Any CPU
		{37B0E927-6F8B-4856-825F-504556D6C32C}.Release|Any CPU.ActiveCfg = Release|Any CPU
		{37B0E927-6F8B-4856-825F-504556D6C32C}.Release|Any CPU.Build.0 = Release|Any CPU
		{2AFA3396-5780-4D28-9410-90A33BF34B6F}.Debug|Any CPU.ActiveCfg = Debug|Any CPU
		{2AFA3396-5780-4D28-9410-90A33BF34B6F}.Debug|Any CPU.Build.0 = Debug|Any CPU
		{2AFA3396-5780-4D28-9410-90A33BF34B6F}.Release|Any CPU.ActiveCfg = Release|Any CPU
		{2AFA3396-5780-4D28-9410-90A33BF34B6F}.Release|Any CPU.Build.0 = Release|Any CPU
		{4E8C4C30-8159-4E0C-A7F9-C98DCCACDDEC}.Debug|Any CPU.ActiveCfg = Debug|Any CPU
		{4E8C4C30-8159-4E0C-A7F9-C98DCCACDDEC}.Debug|Any CPU.Build.0 = Debug|Any CPU
		{4E8C4C30-8159-4E0C-A7F9-C98DCCACDDEC}.Release|Any CPU.ActiveCfg = Release|Any CPU
		{4E8C4C30-8159-4E0C-A7F9-C98DCCACDDEC}.Release|Any CPU.Build.0 = Release|Any CPU
		{298319E5-521D-4513-8E12-EC2F0D476C81}.Debug|Any CPU.ActiveCfg = Debug|Any CPU
		{298319E5-521D-4513-8E12-EC2F0D476C81}.Debug|Any CPU.Build.0 = Debug|Any CPU
		{298319E5-521D-4513-8E12-EC2F0D476C81}.Release|Any CPU.ActiveCfg = Release|Any CPU
		{298319E5-521D-4513-8E12-EC2F0D476C81}.Release|Any CPU.Build.0 = Release|Any CPU
	EndGlobalSection
	GlobalSection(NestedProjects) = preSolution
		{E4B6B8A8-01FD-43AB-8127-93D4EF599746} = {EDFCC05C-B86D-435F-9593-21846D5530D0}
		{33867532-FEE1-4C19-9E2B-3929B9C78624} = {EDFCC05C-B86D-435F-9593-21846D5530D0}
		{73D23A89-9B73-4C67-8F8B-94C2A6492F28} = {8BC26415-C7AE-4140-AB3A-3B4AB3EE60E3}
		{AB14C51D-89F1-4DB3-BF6D-338602F93232} = {8BC26415-C7AE-4140-AB3A-3B4AB3EE60E3}
		{86FA5B39-DFA2-4C87-A1C4-B815730D9F28} = {EDFCC05C-B86D-435F-9593-21846D5530D0}
		{36ABE0A9-6063-4FEC-A815-29763BC98003} = {EDFCC05C-B86D-435F-9593-21846D5530D0}
		{37B0E927-6F8B-4856-825F-504556D6C32C} = {EDFCC05C-B86D-435F-9593-21846D5530D0}
		{2AFA3396-5780-4D28-9410-90A33BF34B6F} = {2C93FF66-BA58-4045-9021-01D93D163984}
		{4E8C4C30-8159-4E0C-A7F9-C98DCCACDDEC} = {EDFCC05C-B86D-435F-9593-21846D5530D0}
		{298319E5-521D-4513-8E12-EC2F0D476C81} = {EDFCC05C-B86D-435F-9593-21846D5530D0}
	EndGlobalSection
EndGlobal
